
Microsoft Visual Studio Solution File, Format Version 12.00
# Visual Studio 2013
VisualStudioVersion = 12.0.40629.0
MinimumVisualStudioVersion = 10.0.40219.1
Project("{FAE04EC0-301F-11D3-BF4B-00C04F79EFBC}") = "AdminLaundry", "AdminLaundry\AdminLaundry.csproj", "{8506709F-D260-4CD8-9F7B-19CC36605AE2}"
EndProject
Project("{FAE04EC0-301F-11D3-BF4B-00C04F79EFBC}") = "UserLaundry", "UserLaundry\UserLaundry.csproj", "{64F74B97-32DB-4D33-B83F-99071D0AF3BE}"
EndProject
Global
	GlobalSection(SolutionConfigurationPlatforms) = preSolution
		Debug|Any CPU = Debug|Any CPU
		Release|Any CPU = Release|Any CPU
	EndGlobalSection
	GlobalSection(ProjectConfigurationPlatforms) = postSolution
		{8506709F-D260-4CD8-9F7B-19CC36605AE2}.Debug|Any CPU.ActiveCfg = Debug|Any CPU
		{8506709F-D260-4CD8-9F7B-19CC36605AE2}.Debug|Any CPU.Build.0 = Debug|Any CPU
		{8506709F-D260-4CD8-9F7B-19CC36605AE2}.Release|Any CPU.ActiveCfg = Release|Any CPU
		{8506709F-D260-4CD8-9F7B-19CC36605AE2}.Release|Any CPU.Build.0 = Release|Any CPU
		{64F74B97-32DB-4D33-B83F-99071D0AF3BE}.Debug|Any CPU.ActiveCfg = Debug|Any CPU
		{64F74B97-32DB-4D33-B83F-99071D0AF3BE}.Debug|Any CPU.Build.0 = Debug|Any CPU
		{64F74B97-32DB-4D33-B83F-99071D0AF3BE}.Release|Any CPU.ActiveCfg = Release|Any CPU
		{64F74B97-32DB-4D33-B83F-99071D0AF3BE}.Release|Any CPU.Build.0 = Release|Any CPU
	EndGlobalSection
	GlobalSection(SolutionProperties) = preSolution
		HideSolutionNode = FALSE
	EndGlobalSection
EndGlobal
